
Microsoft Visual Studio Solution File, Format Version 11.00
# Visual Studio 2010
Project("{FAE04EC0-301F-11D3-BF4B-00C04F79EFBC}") = "KNXLib", "KNXLib\KNXLib.csproj", "{CD1911AD-1967-40CB-A1C3-EC2FA562872B}"
EndProject
Project("{FAE04EC0-301F-11D3-BF4B-00C04F79EFBC}") = "KNXTest", "KNXTest\KNXTest.csproj", "{042C5633-24D9-47FB-AFA6-92A5108BA7C8}"
EndProject
Global
	GlobalSection(SolutionConfigurationPlatforms) = preSolution
		Debug|Any CPU = Debug|Any CPU
		Debug|Mixed Platforms = Debug|Mixed Platforms
		Debug|x86 = Debug|x86
		Release|Any CPU = Release|Any CPU
		Release|Mixed Platforms = Release|Mixed Platforms
		Release|x86 = Release|x86
	EndGlobalSection
	GlobalSection(ProjectConfigurationPlatforms) = postSolution
		{CD1911AD-1967-40CB-A1C3-EC2FA562872B}.Debug|Any CPU.ActiveCfg = Debug|Any CPU
		{CD1911AD-1967-40CB-A1C3-EC2FA562872B}.Debug|Any CPU.Build.0 = Debug|Any CPU
		{CD1911AD-1967-40CB-A1C3-EC2FA562872B}.Debug|Mixed Platforms.ActiveCfg = Debug|Any CPU
		{CD1911AD-1967-40CB-A1C3-EC2FA562872B}.Debug|Mixed Platforms.Build.0 = Debug|Any CPU
		{CD1911AD-1967-40CB-A1C3-EC2FA562872B}.Debug|x86.ActiveCfg = Debug|Any CPU
		{CD1911AD-1967-40CB-A1C3-EC2FA562872B}.Release|Any CPU.ActiveCfg = Release|Any CPU
		{CD1911AD-1967-40CB-A1C3-EC2FA562872B}.Release|Any CPU.Build.0 = Release|Any CPU
		{CD1911AD-1967-40CB-A1C3-EC2FA562872B}.Release|Mixed Platforms.ActiveCfg = Release|Any CPU
		{CD1911AD-1967-40CB-A1C3-EC2FA562872B}.Release|Mixed Platforms.Build.0 = Release|Any CPU
		{CD1911AD-1967-40CB-A1C3-EC2FA562872B}.Release|x86.ActiveCfg = Release|Any CPU
		{042C5633-24D9-47FB-AFA6-92A5108BA7C8}.Debug|Any CPU.ActiveCfg = Debug|x86
		{042C5633-24D9-47FB-AFA6-92A5108BA7C8}.Debug|Mixed Platforms.ActiveCfg = Debug|x86
		{042C5633-24D9-47FB-AFA6-92A5108BA7C8}.Debug|Mixed Platforms.Build.0 = Debug|x86
		{042C5633-24D9-47FB-AFA6-92A5108BA7C8}.Debug|x86.ActiveCfg = Debug|x86
		{042C5633-24D9-47FB-AFA6-92A5108BA7C8}.Debug|x86.Build.0 = Debug|x86
		{042C5633-24D9-47FB-AFA6-92A5108BA7C8}.Release|Any CPU.ActiveCfg = Release|x86
		{042C5633-24D9-47FB-AFA6-92A5108BA7C8}.Release|Mixed Platforms.ActiveCfg = Release|x86
		{042C5633-24D9-47FB-AFA6-92A5108BA7C8}.Release|Mixed Platforms.Build.0 = Release|x86
		{042C5633-24D9-47FB-AFA6-92A5108BA7C8}.Release|x86.ActiveCfg = Release|x86
		{042C5633-24D9-47FB-AFA6-92A5108BA7C8}.Release|x86.Build.0 = Release|x86
	EndGlobalSection
	GlobalSection(SolutionProperties) = preSolution
		HideSolutionNode = FALSE
	EndGlobalSection
EndGlobal
