
Microsoft Visual Studio Solution File, Format Version 12.00
# Visual Studio 14
VisualStudioVersion = 14.0.23107.0
MinimumVisualStudioVersion = 10.0.40219.1
Project("{2150E333-8FDC-42A3-9474-1A3956D46DE8}") = ".paket", ".paket", "{89DCC014-2BE4-4ED1-8090-6A9387DA9D30}"
	ProjectSection(SolutionItems) = preProject
		paket.dependencies = paket.dependencies
	EndProjectSection
EndProject
Project("{FAE04EC0-301F-11D3-BF4B-00C04F79EFBC}") = "KNXLib", "src\KNXLib\KNXLib.csproj", "{CD1911AD-1967-40CB-A1C3-EC2FA562872B}"
EndProject
Project("{FAE04EC0-301F-11D3-BF4B-00C04F79EFBC}") = "KNXTestRouting", "tests\KNXTestRouting\KNXTestRouting.csproj", "{042C5633-24D9-47FB-AFA6-92A5108BA7C8}"
EndProject
Project("{FAE04EC0-301F-11D3-BF4B-00C04F79EFBC}") = "KNXTestTunneling", "tests\KNXTestTunneling\KNXTestTunneling.csproj", "{AE4B122B-6ADD-4727-991D-712672AF012D}"
EndProject
Project("{FAE04EC0-301F-11D3-BF4B-00C04F79EFBC}") = "KNXLibTests", "tests\KNXLibTests\KNXLibTests.csproj", "{90D08CB2-37FE-450A-82C0-063E0B4802EC}"
EndProject
Project("{2150E333-8FDC-42A3-9474-1A3956D46DE8}") = "src", "src", "{3F2D2127-9AC6-4E02-BA07-B860F4A06164}"
EndProject
Project("{2150E333-8FDC-42A3-9474-1A3956D46DE8}") = "tests", "tests", "{B89118A5-8F45-45BA-863D-7865C523791F}"
EndProject
Project("{2150E333-8FDC-42A3-9474-1A3956D46DE8}") = "notes", "notes", "{2DA39BD6-01AA-49A3-A16A-5A7618D55FE5}"
	ProjectSection(SolutionItems) = preProject
		notes\BUILD_WEBSITE.txt = notes\BUILD_WEBSITE.txt
		notes\DEPLOY_NUGET_PACKAGE.txt = notes\DEPLOY_NUGET_PACKAGE.txt
	EndProjectSection
EndProject
Project("{F2A71F9B-5D33-465A-A702-920D77279786}") = "FunctionalLiving.Parser", "src\FunctionalLiving.Parser\FunctionalLiving.Parser.fsproj", "{30C78232-571C-45B7-B390-1F0BF7B9BF84}"
EndProject
Project("{F2A71F9B-5D33-465A-A702-920D77279786}") = "FunctionalLiving.Parser.Tests", "tests\FunctionalLiving.Parser.Tests\FunctionalLiving.Parser.Tests.fsproj", "{B958828D-4583-4484-9F02-FEBC7D3EE062}"
EndProject
Project("{F2A71F9B-5D33-465A-A702-920D77279786}") = "InfluxDB.FSharp", "src\InfluxDB.FSharp\InfluxDB.FSharp.fsproj", "{A7A43714-99FD-4CC1-A078-3C922ABE33C0}"
EndProject
Project("{F2A71F9B-5D33-465A-A702-920D77279786}") = "InfluxDB.FSharp.UnitTests", "tests\InfluxDB.FSharp.UnitTests\InfluxDB.FSharp.UnitTests.fsproj", "{DF6C06F0-8B0F-415C-80F8-D73B8874081A}"
EndProject
Project("{F2A71F9B-5D33-465A-A702-920D77279786}") = "FunctionalLiving.Logger", "src\FunctionalLiving.Logger\FunctionalLiving.Logger.fsproj", "{E8E329E6-D67D-4844-B02A-2209F037A5B3}"
EndProject
Global
	GlobalSection(SolutionConfigurationPlatforms) = preSolution
		Debug|Any CPU = Debug|Any CPU
		Release|Any CPU = Release|Any CPU
		Verify|Any CPU = Verify|Any CPU
	EndGlobalSection
	GlobalSection(ProjectConfigurationPlatforms) = postSolution
		{CD1911AD-1967-40CB-A1C3-EC2FA562872B}.Debug|Any CPU.ActiveCfg = Debug|Any CPU
		{CD1911AD-1967-40CB-A1C3-EC2FA562872B}.Debug|Any CPU.Build.0 = Debug|Any CPU
		{CD1911AD-1967-40CB-A1C3-EC2FA562872B}.Release|Any CPU.ActiveCfg = Release|Any CPU
		{CD1911AD-1967-40CB-A1C3-EC2FA562872B}.Release|Any CPU.Build.0 = Release|Any CPU
		{CD1911AD-1967-40CB-A1C3-EC2FA562872B}.Verify|Any CPU.ActiveCfg = Release|Any CPU
		{CD1911AD-1967-40CB-A1C3-EC2FA562872B}.Verify|Any CPU.Build.0 = Release|Any CPU
		{042C5633-24D9-47FB-AFA6-92A5108BA7C8}.Debug|Any CPU.ActiveCfg = Debug|Any CPU
		{042C5633-24D9-47FB-AFA6-92A5108BA7C8}.Debug|Any CPU.Build.0 = Debug|Any CPU
		{042C5633-24D9-47FB-AFA6-92A5108BA7C8}.Release|Any CPU.ActiveCfg = Release|Any CPU
		{042C5633-24D9-47FB-AFA6-92A5108BA7C8}.Release|Any CPU.Build.0 = Release|Any CPU
		{042C5633-24D9-47FB-AFA6-92A5108BA7C8}.Verify|Any CPU.ActiveCfg = Release|Any CPU
		{042C5633-24D9-47FB-AFA6-92A5108BA7C8}.Verify|Any CPU.Build.0 = Release|Any CPU
		{AE4B122B-6ADD-4727-991D-712672AF012D}.Debug|Any CPU.ActiveCfg = Debug|Any CPU
		{AE4B122B-6ADD-4727-991D-712672AF012D}.Debug|Any CPU.Build.0 = Debug|Any CPU
		{AE4B122B-6ADD-4727-991D-712672AF012D}.Release|Any CPU.ActiveCfg = Release|Any CPU
		{AE4B122B-6ADD-4727-991D-712672AF012D}.Release|Any CPU.Build.0 = Release|Any CPU
		{AE4B122B-6ADD-4727-991D-712672AF012D}.Verify|Any CPU.ActiveCfg = Release|Any CPU
		{AE4B122B-6ADD-4727-991D-712672AF012D}.Verify|Any CPU.Build.0 = Release|Any CPU
		{90D08CB2-37FE-450A-82C0-063E0B4802EC}.Debug|Any CPU.ActiveCfg = Debug|Any CPU
		{90D08CB2-37FE-450A-82C0-063E0B4802EC}.Debug|Any CPU.Build.0 = Debug|Any CPU
		{90D08CB2-37FE-450A-82C0-063E0B4802EC}.Release|Any CPU.ActiveCfg = Release|Any CPU
		{90D08CB2-37FE-450A-82C0-063E0B4802EC}.Release|Any CPU.Build.0 = Release|Any CPU
		{90D08CB2-37FE-450A-82C0-063E0B4802EC}.Verify|Any CPU.ActiveCfg = Release|Any CPU
		{90D08CB2-37FE-450A-82C0-063E0B4802EC}.Verify|Any CPU.Build.0 = Release|Any CPU
		{30C78232-571C-45B7-B390-1F0BF7B9BF84}.Debug|Any CPU.ActiveCfg = Debug|Any CPU
		{30C78232-571C-45B7-B390-1F0BF7B9BF84}.Debug|Any CPU.Build.0 = Debug|Any CPU
		{30C78232-571C-45B7-B390-1F0BF7B9BF84}.Release|Any CPU.ActiveCfg = Release|Any CPU
		{30C78232-571C-45B7-B390-1F0BF7B9BF84}.Release|Any CPU.Build.0 = Release|Any CPU
		{30C78232-571C-45B7-B390-1F0BF7B9BF84}.Verify|Any CPU.ActiveCfg = Release|Any CPU
		{30C78232-571C-45B7-B390-1F0BF7B9BF84}.Verify|Any CPU.Build.0 = Release|Any CPU
		{B958828D-4583-4484-9F02-FEBC7D3EE062}.Debug|Any CPU.ActiveCfg = Debug|Any CPU
		{B958828D-4583-4484-9F02-FEBC7D3EE062}.Debug|Any CPU.Build.0 = Debug|Any CPU
		{B958828D-4583-4484-9F02-FEBC7D3EE062}.Release|Any CPU.ActiveCfg = Release|Any CPU
		{B958828D-4583-4484-9F02-FEBC7D3EE062}.Release|Any CPU.Build.0 = Release|Any CPU
		{B958828D-4583-4484-9F02-FEBC7D3EE062}.Verify|Any CPU.ActiveCfg = Release|Any CPU
		{B958828D-4583-4484-9F02-FEBC7D3EE062}.Verify|Any CPU.Build.0 = Release|Any CPU
		{A7A43714-99FD-4CC1-A078-3C922ABE33C0}.Debug|Any CPU.ActiveCfg = Debug|Any CPU
		{A7A43714-99FD-4CC1-A078-3C922ABE33C0}.Debug|Any CPU.Build.0 = Debug|Any CPU
		{A7A43714-99FD-4CC1-A078-3C922ABE33C0}.Release|Any CPU.ActiveCfg = Release|Any CPU
		{A7A43714-99FD-4CC1-A078-3C922ABE33C0}.Release|Any CPU.Build.0 = Release|Any CPU
		{A7A43714-99FD-4CC1-A078-3C922ABE33C0}.Verify|Any CPU.ActiveCfg = Release|Any CPU
		{A7A43714-99FD-4CC1-A078-3C922ABE33C0}.Verify|Any CPU.Build.0 = Release|Any CPU
		{DF6C06F0-8B0F-415C-80F8-D73B8874081A}.Debug|Any CPU.ActiveCfg = Debug|Any CPU
		{DF6C06F0-8B0F-415C-80F8-D73B8874081A}.Debug|Any CPU.Build.0 = Debug|Any CPU
		{DF6C06F0-8B0F-415C-80F8-D73B8874081A}.Release|Any CPU.ActiveCfg = Release|Any CPU
		{DF6C06F0-8B0F-415C-80F8-D73B8874081A}.Release|Any CPU.Build.0 = Release|Any CPU
		{DF6C06F0-8B0F-415C-80F8-D73B8874081A}.Verify|Any CPU.ActiveCfg = Release|Any CPU
		{DF6C06F0-8B0F-415C-80F8-D73B8874081A}.Verify|Any CPU.Build.0 = Release|Any CPU
		{E8E329E6-D67D-4844-B02A-2209F037A5B3}.Debug|Any CPU.ActiveCfg = Debug|Any CPU
		{E8E329E6-D67D-4844-B02A-2209F037A5B3}.Debug|Any CPU.Build.0 = Debug|Any CPU
		{E8E329E6-D67D-4844-B02A-2209F037A5B3}.Release|Any CPU.ActiveCfg = Release|Any CPU
		{E8E329E6-D67D-4844-B02A-2209F037A5B3}.Release|Any CPU.Build.0 = Release|Any CPU
		{E8E329E6-D67D-4844-B02A-2209F037A5B3}.Verify|Any CPU.ActiveCfg = Release|Any CPU
		{E8E329E6-D67D-4844-B02A-2209F037A5B3}.Verify|Any CPU.Build.0 = Release|Any CPU
	EndGlobalSection
	GlobalSection(SolutionProperties) = preSolution
		HideSolutionNode = FALSE
	EndGlobalSection
	GlobalSection(NestedProjects) = preSolution
		{CD1911AD-1967-40CB-A1C3-EC2FA562872B} = {3F2D2127-9AC6-4E02-BA07-B860F4A06164}
		{042C5633-24D9-47FB-AFA6-92A5108BA7C8} = {B89118A5-8F45-45BA-863D-7865C523791F}
		{AE4B122B-6ADD-4727-991D-712672AF012D} = {B89118A5-8F45-45BA-863D-7865C523791F}
		{90D08CB2-37FE-450A-82C0-063E0B4802EC} = {B89118A5-8F45-45BA-863D-7865C523791F}
		{30C78232-571C-45B7-B390-1F0BF7B9BF84} = {3F2D2127-9AC6-4E02-BA07-B860F4A06164}
		{B958828D-4583-4484-9F02-FEBC7D3EE062} = {B89118A5-8F45-45BA-863D-7865C523791F}
		{A7A43714-99FD-4CC1-A078-3C922ABE33C0} = {3F2D2127-9AC6-4E02-BA07-B860F4A06164}
		{DF6C06F0-8B0F-415C-80F8-D73B8874081A} = {B89118A5-8F45-45BA-863D-7865C523791F}
		{E8E329E6-D67D-4844-B02A-2209F037A5B3} = {3F2D2127-9AC6-4E02-BA07-B860F4A06164}
	EndGlobalSection
EndGlobal
