
Microsoft Visual Studio Solution File, Format Version 12.00
# Visual Studio 15
VisualStudioVersion = 15.0.26124.0
MinimumVisualStudioVersion = 15.0.26124.0
Project("{2150E333-8FDC-42A3-9474-1A3956D46DE8}") = "src", "src", "{53E88BAA-5B93-4111-AA1D-EC0086E70999}"
EndProject
Project("{FAE04EC0-301F-11D3-BF4B-00C04F79EFBC}") = "KNXLib", "src\KNXLib\KNXLib.csproj", "{C953DE50-21BB-421B-8157-8C5A316F44D6}"
EndProject
Project("{2150E333-8FDC-42A3-9474-1A3956D46DE8}") = "tests", "tests", "{0D7ACE41-F8E6-4F7C-8195-C10B1FA6F43F}"
EndProject
Project("{FAE04EC0-301F-11D3-BF4B-00C04F79EFBC}") = "KNXLibTests", "tests\KNXLibTests\KNXLibTests.csproj", "{C8C8F86E-0175-45B2-A1A1-390312C178D1}"
EndProject
Project("{FAE04EC0-301F-11D3-BF4B-00C04F79EFBC}") = "KNXTestRouting", "tests\KNXTestRouting\KNXTestRouting.csproj", "{9E2A1D22-7BF4-4FC2-932B-C019D112A88C}"
EndProject
Project("{FAE04EC0-301F-11D3-BF4B-00C04F79EFBC}") = "KNXTestTunneling", "tests\KNXTestTunneling\KNXTestTunneling.csproj", "{FBB812E1-E341-4D40-9026-D5AEDDF21D44}"
EndProject
Global
	GlobalSection(SolutionConfigurationPlatforms) = preSolution
		Debug|Any CPU = Debug|Any CPU
		Debug|x64 = Debug|x64
		Debug|x86 = Debug|x86
		Release|Any CPU = Release|Any CPU
		Release|x64 = Release|x64
		Release|x86 = Release|x86
	EndGlobalSection
	GlobalSection(SolutionProperties) = preSolution
		HideSolutionNode = FALSE
	EndGlobalSection
	GlobalSection(ProjectConfigurationPlatforms) = postSolution
		{C953DE50-21BB-421B-8157-8C5A316F44D6}.Debug|Any CPU.ActiveCfg = Debug|Any CPU
		{C953DE50-21BB-421B-8157-8C5A316F44D6}.Debug|Any CPU.Build.0 = Debug|Any CPU
		{C953DE50-21BB-421B-8157-8C5A316F44D6}.Debug|x64.ActiveCfg = Debug|Any CPU
		{C953DE50-21BB-421B-8157-8C5A316F44D6}.Debug|x64.Build.0 = Debug|Any CPU
		{C953DE50-21BB-421B-8157-8C5A316F44D6}.Debug|x86.ActiveCfg = Debug|Any CPU
		{C953DE50-21BB-421B-8157-8C5A316F44D6}.Debug|x86.Build.0 = Debug|Any CPU
		{C953DE50-21BB-421B-8157-8C5A316F44D6}.Release|Any CPU.ActiveCfg = Release|Any CPU
		{C953DE50-21BB-421B-8157-8C5A316F44D6}.Release|Any CPU.Build.0 = Release|Any CPU
		{C953DE50-21BB-421B-8157-8C5A316F44D6}.Release|x64.ActiveCfg = Release|Any CPU
		{C953DE50-21BB-421B-8157-8C5A316F44D6}.Release|x64.Build.0 = Release|Any CPU
		{C953DE50-21BB-421B-8157-8C5A316F44D6}.Release|x86.ActiveCfg = Release|Any CPU
		{C953DE50-21BB-421B-8157-8C5A316F44D6}.Release|x86.Build.0 = Release|Any CPU
		{C8C8F86E-0175-45B2-A1A1-390312C178D1}.Debug|Any CPU.ActiveCfg = Debug|Any CPU
		{C8C8F86E-0175-45B2-A1A1-390312C178D1}.Debug|Any CPU.Build.0 = Debug|Any CPU
		{C8C8F86E-0175-45B2-A1A1-390312C178D1}.Debug|x64.ActiveCfg = Debug|Any CPU
		{C8C8F86E-0175-45B2-A1A1-390312C178D1}.Debug|x64.Build.0 = Debug|Any CPU
		{C8C8F86E-0175-45B2-A1A1-390312C178D1}.Debug|x86.ActiveCfg = Debug|Any CPU
		{C8C8F86E-0175-45B2-A1A1-390312C178D1}.Debug|x86.Build.0 = Debug|Any CPU
		{C8C8F86E-0175-45B2-A1A1-390312C178D1}.Release|Any CPU.ActiveCfg = Release|Any CPU
		{C8C8F86E-0175-45B2-A1A1-390312C178D1}.Release|Any CPU.Build.0 = Release|Any CPU
		{C8C8F86E-0175-45B2-A1A1-390312C178D1}.Release|x64.ActiveCfg = Release|Any CPU
		{C8C8F86E-0175-45B2-A1A1-390312C178D1}.Release|x64.Build.0 = Release|Any CPU
		{C8C8F86E-0175-45B2-A1A1-390312C178D1}.Release|x86.ActiveCfg = Release|Any CPU
		{C8C8F86E-0175-45B2-A1A1-390312C178D1}.Release|x86.Build.0 = Release|Any CPU
		{9E2A1D22-7BF4-4FC2-932B-C019D112A88C}.Debug|Any CPU.ActiveCfg = Debug|Any CPU
		{9E2A1D22-7BF4-4FC2-932B-C019D112A88C}.Debug|Any CPU.Build.0 = Debug|Any CPU
		{9E2A1D22-7BF4-4FC2-932B-C019D112A88C}.Debug|x64.ActiveCfg = Debug|Any CPU
		{9E2A1D22-7BF4-4FC2-932B-C019D112A88C}.Debug|x64.Build.0 = Debug|Any CPU
		{9E2A1D22-7BF4-4FC2-932B-C019D112A88C}.Debug|x86.ActiveCfg = Debug|Any CPU
		{9E2A1D22-7BF4-4FC2-932B-C019D112A88C}.Debug|x86.Build.0 = Debug|Any CPU
		{9E2A1D22-7BF4-4FC2-932B-C019D112A88C}.Release|Any CPU.ActiveCfg = Release|Any CPU
		{9E2A1D22-7BF4-4FC2-932B-C019D112A88C}.Release|Any CPU.Build.0 = Release|Any CPU
		{9E2A1D22-7BF4-4FC2-932B-C019D112A88C}.Release|x64.ActiveCfg = Release|Any CPU
		{9E2A1D22-7BF4-4FC2-932B-C019D112A88C}.Release|x64.Build.0 = Release|Any CPU
		{9E2A1D22-7BF4-4FC2-932B-C019D112A88C}.Release|x86.ActiveCfg = Release|Any CPU
		{9E2A1D22-7BF4-4FC2-932B-C019D112A88C}.Release|x86.Build.0 = Release|Any CPU
		{FBB812E1-E341-4D40-9026-D5AEDDF21D44}.Debug|Any CPU.ActiveCfg = Debug|Any CPU
		{FBB812E1-E341-4D40-9026-D5AEDDF21D44}.Debug|Any CPU.Build.0 = Debug|Any CPU
		{FBB812E1-E341-4D40-9026-D5AEDDF21D44}.Debug|x64.ActiveCfg = Debug|Any CPU
		{FBB812E1-E341-4D40-9026-D5AEDDF21D44}.Debug|x64.Build.0 = Debug|Any CPU
		{FBB812E1-E341-4D40-9026-D5AEDDF21D44}.Debug|x86.ActiveCfg = Debug|Any CPU
		{FBB812E1-E341-4D40-9026-D5AEDDF21D44}.Debug|x86.Build.0 = Debug|Any CPU
		{FBB812E1-E341-4D40-9026-D5AEDDF21D44}.Release|Any CPU.ActiveCfg = Release|Any CPU
		{FBB812E1-E341-4D40-9026-D5AEDDF21D44}.Release|Any CPU.Build.0 = Release|Any CPU
		{FBB812E1-E341-4D40-9026-D5AEDDF21D44}.Release|x64.ActiveCfg = Release|Any CPU
		{FBB812E1-E341-4D40-9026-D5AEDDF21D44}.Release|x64.Build.0 = Release|Any CPU
		{FBB812E1-E341-4D40-9026-D5AEDDF21D44}.Release|x86.ActiveCfg = Release|Any CPU
		{FBB812E1-E341-4D40-9026-D5AEDDF21D44}.Release|x86.Build.0 = Release|Any CPU
	EndGlobalSection
	GlobalSection(NestedProjects) = preSolution
		{C953DE50-21BB-421B-8157-8C5A316F44D6} = {53E88BAA-5B93-4111-AA1D-EC0086E70999}
		{C8C8F86E-0175-45B2-A1A1-390312C178D1} = {0D7ACE41-F8E6-4F7C-8195-C10B1FA6F43F}
		{9E2A1D22-7BF4-4FC2-932B-C019D112A88C} = {0D7ACE41-F8E6-4F7C-8195-C10B1FA6F43F}
		{FBB812E1-E341-4D40-9026-D5AEDDF21D44} = {0D7ACE41-F8E6-4F7C-8195-C10B1FA6F43F}
	EndGlobalSection
EndGlobal
